
Microsoft Visual Studio Solution File, Format Version 12.00
# Visual Studio Version 16
VisualStudioVersion = 16.0.32126.315
MinimumVisualStudioVersion = 10.0.40219.1
Project("{9A19103F-16F7-4668-BE54-9A1E7A4F7556}") = "all", "all.csproj", "{F22A671B-4341-4BAC-8E63-8563146A25FC}"
EndProject
Global
	GlobalSection(SolutionConfigurationPlatforms) = preSolution
		Debug|Any CPU = Debug|Any CPU
		Release|Any CPU = Release|Any CPU
	EndGlobalSection
	GlobalSection(ProjectConfigurationPlatforms) = postSolution
		{F22A671B-4341-4BAC-8E63-8563146A25FC}.Debug|Any CPU.ActiveCfg = Debug|Any CPU
		{F22A671B-4341-4BAC-8E63-8563146A25FC}.Debug|Any CPU.Build.0 = Debug|Any CPU
		{F22A671B-4341-4BAC-8E63-8563146A25FC}.Release|Any CPU.ActiveCfg = Release|Any CPU
		{F22A671B-4341-4BAC-8E63-8563146A25FC}.Release|Any CPU.Build.0 = Release|Any CPU
	EndGlobalSection
	GlobalSection(SolutionProperties) = preSolution
		HideSolutionNode = FALSE
	EndGlobalSection
	GlobalSection(ExtensibilityGlobals) = postSolution
		SolutionGuid = {3AE41DB4-59B1-41FF-A5DB-3F2BADF64364}
	EndGlobalSection
EndGlobal
